# THIS IS AN AUTOGENERATED FILE. DO NOT EDIT THIS FILE DIRECTLY.
# yarn lockfile v1


"@radix-ui/primitive@1.1.2":
  version "1.1.2"
  resolved "https://registry.npmjs.org/@radix-ui/primitive/-/primitive-1.1.2.tgz#83f415c4425f21e3d27914c12b3272a32e3dae65"
  integrity sha512-XnbHrrprsNqZKQhStrSwgRUQzoCI1glLzdw79xiZPoofhGICeZRSQ3dIxAKH1gb3OHfNf4d6f+vAv3kil2eggA==

"@radix-ui/react-compose-refs@1.1.2":
  version "1.1.2"
  resolved "https://registry.npmjs.org/@radix-ui/react-compose-refs/-/react-compose-refs-1.1.2.tgz#a2c4c47af6337048ee78ff6dc0d090b390d2bb30"
  integrity sha512-z4eqJvfiNnFMHIIvXP3CY57y2WJs5g2v3X0zm9mEJkrkNv4rDxu+sg9Jh8EkXyeqBkB7SOcboo9dMVqhyrACIg==

"@radix-ui/react-context@1.1.2":
  version "1.1.2"
  resolved "https://registry.npmjs.org/@radix-ui/react-context/-/react-context-1.1.2.tgz#61628ef269a433382c364f6f1e3788a6dc213a36"
  integrity sha512-jCi/QKUM2r1Ju5a3J64TH2A5SpKAgh0LpknyqdQ4m6DCV0xJ2HG1xARRwNGPQfi1SLdLWZ1OJz6F4OMBBNiGJA==

"@radix-ui/react-primitive@2.1.3":
  version "2.1.3"
  resolved "https://registry.npmjs.org/@radix-ui/react-primitive/-/react-primitive-2.1.3.tgz#db9b8bcff49e01be510ad79893fb0e4cda50f1bc"
  integrity sha512-m9gTwRkhy2lvCPe6QJp4d3G1TYEUHn/FzJUtq9MjH46an1wJU+GdoGC5VLof8RX8Ft/DlpshApkhswDLZzHIcQ==
  dependencies:
    "@radix-ui/react-slot" "1.2.3"

"@radix-ui/react-slot@1.2.3":
  version "1.2.3"
  resolved "https://registry.npmjs.org/@radix-ui/react-slot/-/react-slot-1.2.3.tgz#502d6e354fc847d4169c3bc5f189de777f68cfe1"
  integrity sha512-aeNmHnBxbi2St0au6VBVC7JXFlhLlOnvIIlePNniyUNAClzmtAUEY8/pBiK3iHjufOlwA+c20/8jngo7xcrg8A==
  dependencies:
    "@radix-ui/react-compose-refs" "1.1.2"

"@radix-ui/react-switch@^1.2.5":
  version "1.2.5"
  resolved "https://registry.npmjs.org/@radix-ui/react-switch/-/react-switch-1.2.5.tgz#56c15a4cd219e00b0745ec6b2ea1c0feeb0b21d0"
  integrity sha512-5ijLkak6ZMylXsaImpZ8u4Rlf5grRmoc0p0QeX9VJtlrM4f5m3nCTX8tWga/zOA8PZYIR/t0p2Mnvd7InrJ6yQ==
  dependencies:
    "@radix-ui/primitive" "1.1.2"
    "@radix-ui/react-compose-refs" "1.1.2"
    "@radix-ui/react-context" "1.1.2"
    "@radix-ui/react-primitive" "2.1.3"
    "@radix-ui/react-use-controllable-state" "1.2.2"
    "@radix-ui/react-use-previous" "1.1.1"
    "@radix-ui/react-use-size" "1.1.1"

"@radix-ui/react-use-controllable-state@1.2.2":
  version "1.2.2"
  resolved "https://registry.npmjs.org/@radix-ui/react-use-controllable-state/-/react-use-controllable-state-1.2.2.tgz#905793405de57d61a439f4afebbb17d0645f3190"
  integrity sha512-BjasUjixPFdS+NKkypcyyN5Pmg83Olst0+c6vGov0diwTEo6mgdqVR6hxcEgFuh4QrAs7Rc+9KuGJ9TVCj0Zzg==
  dependencies:
    "@radix-ui/react-use-effect-event" "0.0.2"
    "@radix-ui/react-use-layout-effect" "1.1.1"

"@radix-ui/react-use-effect-event@0.0.2":
  version "0.0.2"
  resolved "https://registry.npmjs.org/@radix-ui/react-use-effect-event/-/react-use-effect-event-0.0.2.tgz#090cf30d00a4c7632a15548512e9152217593907"
  integrity sha512-Qp8WbZOBe+blgpuUT+lw2xheLP8q0oatc9UpmiemEICxGvFLYmHm9QowVZGHtJlGbS6A6yJ3iViad/2cVjnOiA==
  dependencies:
    "@radix-ui/react-use-layout-effect" "1.1.1"

"@radix-ui/react-use-layout-effect@1.1.1":
  version "1.1.1"
  resolved "https://registry.npmjs.org/@radix-ui/react-use-layout-effect/-/react-use-layout-effect-1.1.1.tgz#0c4230a9eed49d4589c967e2d9c0d9d60a23971e"
  integrity sha512-RbJRS4UWQFkzHTTwVymMTUv8EqYhOp8dOOviLj2ugtTiXRaRQS7GLGxZTLL1jWhMeoSCf5zmcZkqTl9IiYfXcQ==

"@radix-ui/react-use-previous@1.1.1":
  version "1.1.1"
  resolved "https://registry.npmjs.org/@radix-ui/react-use-previous/-/react-use-previous-1.1.1.tgz#1a1ad5568973d24051ed0af687766f6c7cb9b5b5"
  integrity sha512-2dHfToCj/pzca2Ck724OZ5L0EVrr3eHRNsG/b3xQJLA2hZpVCS99bLAX+hm1IHXDEnzU6by5z/5MIY794/a8NQ==

"@radix-ui/react-use-size@1.1.1":
  version "1.1.1"
  resolved "https://registry.npmjs.org/@radix-ui/react-use-size/-/react-use-size-1.1.1.tgz#6de276ffbc389a537ffe4316f5b0f24129405b37"
  integrity sha512-ewrXRDTAqAXlkl6t/fkXWNAhFX9I+CkKlw6zjEwk86RSPKwZr3xpBRso655aqYafwtnbpHLj6toFzmd6xdVptQ==
  dependencies:
    "@radix-ui/react-use-layout-effect" "1.1.1"
